// !$*UTF8*$!
{
	archiveVersion = 1;
	classes = {
	};
	objectVersion = 50;
	objects = {

/* Begin PBXBuildFile section */
		005EFB62F09EEC2A0EAF5FCD /* Pods_Music.framework in Frameworks */ = {isa = PBXBuildFile; fileRef = 6962005C5BFC83A6415FD46B /* Pods_Music.framework */; };
		1D17B09145333E8B139F4E69 /* Pods_Music_MusicUITests.framework in Frameworks */ = {isa = PBXBuildFile; fileRef = AC2CF2D117F1B3EFCC9FD19C /* Pods_Music_MusicUITests.framework */; };
		36B60F5E26B5B947001BC9B7 /* MusicApp.swift in Sources */ = {isa = PBXBuildFile; fileRef = 36B60F5D26B5B947001BC9B7 /* MusicApp.swift */; };
		36B60F6026B5B947001BC9B7 /* ContentView.swift in Sources */ = {isa = PBXBuildFile; fileRef = 36B60F5F26B5B947001BC9B7 /* ContentView.swift */; };
		36B60F6226B5B94C001BC9B7 /* Assets.xcassets in Resources */ = {isa = PBXBuildFile; fileRef = 36B60F6126B5B94C001BC9B7 /* Assets.xcassets */; };
		36B60F6526B5B94C001BC9B7 /* Preview Assets.xcassets in Resources */ = {isa = PBXBuildFile; fileRef = 36B60F6426B5B94C001BC9B7 /* Preview Assets.xcassets */; };
		36B60F7026B5B94C001BC9B7 /* MusicTests.swift in Sources */ = {isa = PBXBuildFile; fileRef = 36B60F6F26B5B94C001BC9B7 /* MusicTests.swift */; };
		36B60F7B26B5B94C001BC9B7 /* MusicUITests.swift in Sources */ = {isa = PBXBuildFile; fileRef = 36B60F7A26B5B94C001BC9B7 /* MusicUITests.swift */; };
		3FAB1F1B2917D7C39720055C /* Pods_MusicTests.framework in Frameworks */ = {isa = PBXBuildFile; fileRef = 5A57BBF838992B0BAC1B14EE /* Pods_MusicTests.framework */; };
/* End PBXBuildFile section */

/* Begin PBXContainerItemProxy section */
		36B60F6C26B5B94C001BC9B7 /* PBXContainerItemProxy */ = {
			isa = PBXContainerItemProxy;
			containerPortal = 36B60F5226B5B947001BC9B7 /* Project object */;
			proxyType = 1;
			remoteGlobalIDString = 36B60F5926B5B947001BC9B7;
			remoteInfo = Music;
		};
		36B60F7726B5B94C001BC9B7 /* PBXContainerItemProxy */ = {
			isa = PBXContainerItemProxy;
			containerPortal = 36B60F5226B5B947001BC9B7 /* Project object */;
			proxyType = 1;
			remoteGlobalIDString = 36B60F5926B5B947001BC9B7;
			remoteInfo = Music;
		};
/* End PBXContainerItemProxy section */

/* Begin PBXFileReference section */
		070B2D9AB9C18B143092366E /* Pods-MusicTests.release.xcconfig */ = {isa = PBXFileReference; includeInIndex = 1; lastKnownFileType = text.xcconfig; name = "Pods-MusicTests.release.xcconfig"; path = "Target Support Files/Pods-MusicTests/Pods-MusicTests.release.xcconfig"; sourceTree = "<group>"; };
		0FEE23D1EA75954F788DD51F /* Pods-MusicTests.debug.xcconfig */ = {isa = PBXFileReference; includeInIndex = 1; lastKnownFileType = text.xcconfig; name = "Pods-MusicTests.debug.xcconfig"; path = "Target Support Files/Pods-MusicTests/Pods-MusicTests.debug.xcconfig"; sourceTree = "<group>"; };
		36B60F5A26B5B947001BC9B7 /* Music.app */ = {isa = PBXFileReference; explicitFileType = wrapper.application; includeInIndex = 0; path = Music.app; sourceTree = BUILT_PRODUCTS_DIR; };
		36B60F5D26B5B947001BC9B7 /* MusicApp.swift */ = {isa = PBXFileReference; lastKnownFileType = sourcecode.swift; path = MusicApp.swift; sourceTree = "<group>"; };
		36B60F5F26B5B947001BC9B7 /* ContentView.swift */ = {isa = PBXFileReference; lastKnownFileType = sourcecode.swift; path = ContentView.swift; sourceTree = "<group>"; };
		36B60F6126B5B94C001BC9B7 /* Assets.xcassets */ = {isa = PBXFileReference; lastKnownFileType = folder.assetcatalog; path = Assets.xcassets; sourceTree = "<group>"; };
		36B60F6426B5B94C001BC9B7 /* Preview Assets.xcassets */ = {isa = PBXFileReference; lastKnownFileType = folder.assetcatalog; path = "Preview Assets.xcassets"; sourceTree = "<group>"; };
		36B60F6626B5B94C001BC9B7 /* Info.plist */ = {isa = PBXFileReference; lastKnownFileType = text.plist.xml; path = Info.plist; sourceTree = "<group>"; };
		36B60F6B26B5B94C001BC9B7 /* MusicTests.xctest */ = {isa = PBXFileReference; explicitFileType = wrapper.cfbundle; includeInIndex = 0; path = MusicTests.xctest; sourceTree = BUILT_PRODUCTS_DIR; };
		36B60F6F26B5B94C001BC9B7 /* MusicTests.swift */ = {isa = PBXFileReference; lastKnownFileType = sourcecode.swift; path = MusicTests.swift; sourceTree = "<group>"; };
		36B60F7126B5B94C001BC9B7 /* Info.plist */ = {isa = PBXFileReference; lastKnownFileType = text.plist.xml; path = Info.plist; sourceTree = "<group>"; };
		36B60F7626B5B94C001BC9B7 /* MusicUITests.xctest */ = {isa = PBXFileReference; explicitFileType = wrapper.cfbundle; includeInIndex = 0; path = MusicUITests.xctest; sourceTree = BUILT_PRODUCTS_DIR; };
		36B60F7A26B5B94C001BC9B7 /* MusicUITests.swift */ = {isa = PBXFileReference; lastKnownFileType = sourcecode.swift; path = MusicUITests.swift; sourceTree = "<group>"; };
		36B60F7C26B5B94C001BC9B7 /* Info.plist */ = {isa = PBXFileReference; lastKnownFileType = text.plist.xml; path = Info.plist; sourceTree = "<group>"; };
		44FC1099D29C4351931CAF8D /* Pods-Music.release.xcconfig */ = {isa = PBXFileReference; includeInIndex = 1; lastKnownFileType = text.xcconfig; name = "Pods-Music.release.xcconfig"; path = "Target Support Files/Pods-Music/Pods-Music.release.xcconfig"; sourceTree = "<group>"; };
		5A57BBF838992B0BAC1B14EE /* Pods_MusicTests.framework */ = {isa = PBXFileReference; explicitFileType = wrapper.framework; includeInIndex = 0; path = Pods_MusicTests.framework; sourceTree = BUILT_PRODUCTS_DIR; };
		6962005C5BFC83A6415FD46B /* Pods_Music.framework */ = {isa = PBXFileReference; explicitFileType = wrapper.framework; includeInIndex = 0; path = Pods_Music.framework; sourceTree = BUILT_PRODUCTS_DIR; };
		9D23B8E92727769D2FA38A48 /* Pods-Music.debug.xcconfig */ = {isa = PBXFileReference; includeInIndex = 1; lastKnownFileType = text.xcconfig; name = "Pods-Music.debug.xcconfig"; path = "Target Support Files/Pods-Music/Pods-Music.debug.xcconfig"; sourceTree = "<group>"; };
		AAD448966D660351020D8345 /* Pods-Music-MusicUITests.debug.xcconfig */ = {isa = PBXFileReference; includeInIndex = 1; lastKnownFileType = text.xcconfig; name = "Pods-Music-MusicUITests.debug.xcconfig"; path = "Target Support Files/Pods-Music-MusicUITests/Pods-Music-MusicUITests.debug.xcconfig"; sourceTree = "<group>"; };
		AC2CF2D117F1B3EFCC9FD19C /* Pods_Music_MusicUITests.framework */ = {isa = PBXFileReference; explicitFileType = wrapper.framework; includeInIndex = 0; path = Pods_Music_MusicUITests.framework; sourceTree = BUILT_PRODUCTS_DIR; };
		DF88B116984D39DEA752E5CE /* Pods-Music-MusicUITests.release.xcconfig */ = {isa = PBXFileReference; includeInIndex = 1; lastKnownFileType = text.xcconfig; name = "Pods-Music-MusicUITests.release.xcconfig"; path = "Target Support Files/Pods-Music-MusicUITests/Pods-Music-MusicUITests.release.xcconfig"; sourceTree = "<group>"; };
/* End PBXFileReference section */

/* Begin PBXFrameworksBuildPhase section */
		36B60F5726B5B947001BC9B7 /* Frameworks */ = {
			isa = PBXFrameworksBuildPhase;
			buildActionMask = 2147483647;
			files = (
				005EFB62F09EEC2A0EAF5FCD /* Pods_Music.framework in Frameworks */,
			);
			runOnlyForDeploymentPostprocessing = 0;
		};
		36B60F6826B5B94C001BC9B7 /* Frameworks */ = {
			isa = PBXFrameworksBuildPhase;
			buildActionMask = 2147483647;
			files = (
				3FAB1F1B2917D7C39720055C /* Pods_MusicTests.framework in Frameworks */,
			);
			runOnlyForDeploymentPostprocessing = 0;
		};
		36B60F7326B5B94C001BC9B7 /* Frameworks */ = {
			isa = PBXFrameworksBuildPhase;
			buildActionMask = 2147483647;
			files = (
				1D17B09145333E8B139F4E69 /* Pods_Music_MusicUITests.framework in Frameworks */,
			);
			runOnlyForDeploymentPostprocessing = 0;
		};
/* End PBXFrameworksBuildPhase section */

/* Begin PBXGroup section */
		02480DD0D739A74494DD79BB /* Pods */ = {
			isa = PBXGroup;
			children = (
				9D23B8E92727769D2FA38A48 /* Pods-Music.debug.xcconfig */,
				44FC1099D29C4351931CAF8D /* Pods-Music.release.xcconfig */,
				AAD448966D660351020D8345 /* Pods-Music-MusicUITests.debug.xcconfig */,
				DF88B116984D39DEA752E5CE /* Pods-Music-MusicUITests.release.xcconfig */,
				0FEE23D1EA75954F788DD51F /* Pods-MusicTests.debug.xcconfig */,
				070B2D9AB9C18B143092366E /* Pods-MusicTests.release.xcconfig */,
			);
			name = Pods;
			path = Pods;
			sourceTree = "<group>";
		};
		36B60F5126B5B947001BC9B7 = {
			isa = PBXGroup;
			children = (
				36B60F5C26B5B947001BC9B7 /* Music */,
				36B60F6E26B5B94C001BC9B7 /* MusicTests */,
				36B60F7926B5B94C001BC9B7 /* MusicUITests */,
				36B60F5B26B5B947001BC9B7 /* Products */,
				02480DD0D739A74494DD79BB /* Pods */,
				B15DC42E3557C433121BAEB3 /* Frameworks */,
			);
			sourceTree = "<group>";
		};
		36B60F5B26B5B947001BC9B7 /* Products */ = {
			isa = PBXGroup;
			children = (
				36B60F5A26B5B947001BC9B7 /* Music.app */,
				36B60F6B26B5B94C001BC9B7 /* MusicTests.xctest */,
				36B60F7626B5B94C001BC9B7 /* MusicUITests.xctest */,
			);
			name = Products;
			sourceTree = "<group>";
		};
		36B60F5C26B5B947001BC9B7 /* Music */ = {
			isa = PBXGroup;
			children = (
				36B60F5D26B5B947001BC9B7 /* MusicApp.swift */,
				36B60F5F26B5B947001BC9B7 /* ContentView.swift */,
				36B60F6126B5B94C001BC9B7 /* Assets.xcassets */,
				36B60F6626B5B94C001BC9B7 /* Info.plist */,
				36B60F6326B5B94C001BC9B7 /* Preview Content */,
			);
			path = Music;
			sourceTree = "<group>";
		};
		36B60F6326B5B94C001BC9B7 /* Preview Content */ = {
			isa = PBXGroup;
			children = (
				36B60F6426B5B94C001BC9B7 /* Preview Assets.xcassets */,
			);
			path = "Preview Content";
			sourceTree = "<group>";
		};
		36B60F6E26B5B94C001BC9B7 /* MusicTests */ = {
			isa = PBXGroup;
			children = (
				36B60F6F26B5B94C001BC9B7 /* MusicTests.swift */,
				36B60F7126B5B94C001BC9B7 /* Info.plist */,
			);
			path = MusicTests;
			sourceTree = "<group>";
		};
		36B60F7926B5B94C001BC9B7 /* MusicUITests */ = {
			isa = PBXGroup;
			children = (
				36B60F7A26B5B94C001BC9B7 /* MusicUITests.swift */,
				36B60F7C26B5B94C001BC9B7 /* Info.plist */,
			);
			path = MusicUITests;
			sourceTree = "<group>";
		};
		B15DC42E3557C433121BAEB3 /* Frameworks */ = {
			isa = PBXGroup;
			children = (
				6962005C5BFC83A6415FD46B /* Pods_Music.framework */,
				AC2CF2D117F1B3EFCC9FD19C /* Pods_Music_MusicUITests.framework */,
				5A57BBF838992B0BAC1B14EE /* Pods_MusicTests.framework */,
			);
			name = Frameworks;
			sourceTree = "<group>";
		};
/* End PBXGroup section */

/* Begin PBXNativeTarget section */
		36B60F5926B5B947001BC9B7 /* Music */ = {
			isa = PBXNativeTarget;
			buildConfigurationList = 36B60F7F26B5B94C001BC9B7 /* Build configuration list for PBXNativeTarget "Music" */;
			buildPhases = (
				281A17F34E345EEA1D116888 /* [CP] Check Pods Manifest.lock */,
				36B60F5626B5B947001BC9B7 /* Sources */,
				36B60F5726B5B947001BC9B7 /* Frameworks */,
				36B60F5826B5B947001BC9B7 /* Resources */,
			);
			buildRules = (
			);
			dependencies = (
			);
			name = Music;
			productName = Music;
			productReference = 36B60F5A26B5B947001BC9B7 /* Music.app */;
			productType = "com.apple.product-type.application";
		};
		36B60F6A26B5B94C001BC9B7 /* MusicTests */ = {
			isa = PBXNativeTarget;
			buildConfigurationList = 36B60F8226B5B94C001BC9B7 /* Build configuration list for PBXNativeTarget "MusicTests" */;
			buildPhases = (
				410A9E5EB4863A2C97D215E8 /* [CP] Check Pods Manifest.lock */,
				36B60F6726B5B94C001BC9B7 /* Sources */,
				36B60F6826B5B94C001BC9B7 /* Frameworks */,
				36B60F6926B5B94C001BC9B7 /* Resources */,
			);
			buildRules = (
			);
			dependencies = (
				36B60F6D26B5B94C001BC9B7 /* PBXTargetDependency */,
			);
			name = MusicTests;
			productName = MusicTests;
			productReference = 36B60F6B26B5B94C001BC9B7 /* MusicTests.xctest */;
			productType = "com.apple.product-type.bundle.unit-test";
		};
		36B60F7526B5B94C001BC9B7 /* MusicUITests */ = {
			isa = PBXNativeTarget;
			buildConfigurationList = 36B60F8526B5B94C001BC9B7 /* Build configuration list for PBXNativeTarget "MusicUITests" */;
			buildPhases = (
				58B0BB946F076C2BD1207854 /* [CP] Check Pods Manifest.lock */,
				36B60F7226B5B94C001BC9B7 /* Sources */,
				36B60F7326B5B94C001BC9B7 /* Frameworks */,
				36B60F7426B5B94C001BC9B7 /* Resources */,
			);
			buildRules = (
			);
			dependencies = (
				36B60F7826B5B94C001BC9B7 /* PBXTargetDependency */,
			);
			name = MusicUITests;
			productName = MusicUITests;
			productReference = 36B60F7626B5B94C001BC9B7 /* MusicUITests.xctest */;
			productType = "com.apple.product-type.bundle.ui-testing";
		};
/* End PBXNativeTarget section */

/* Begin PBXProject section */
		36B60F5226B5B947001BC9B7 /* Project object */ = {
			isa = PBXProject;
			attributes = {
				LastSwiftUpdateCheck = 1250;
				LastUpgradeCheck = 1250;
				TargetAttributes = {
					36B60F5926B5B947001BC9B7 = {
						CreatedOnToolsVersion = 12.5.1;
					};
					36B60F6A26B5B94C001BC9B7 = {
						CreatedOnToolsVersion = 12.5.1;
						TestTargetID = 36B60F5926B5B947001BC9B7;
					};
					36B60F7526B5B94C001BC9B7 = {
						CreatedOnToolsVersion = 12.5.1;
						TestTargetID = 36B60F5926B5B947001BC9B7;
					};
				};
			};
			buildConfigurationList = 36B60F5526B5B947001BC9B7 /* Build configuration list for PBXProject "Music" */;
			compatibilityVersion = "Xcode 9.3";
			developmentRegion = en;
			hasScannedForEncodings = 0;
			knownRegions = (
				en,
				Base,
			);
			mainGroup = 36B60F5126B5B947001BC9B7;
			productRefGroup = 36B60F5B26B5B947001BC9B7 /* Products */;
			projectDirPath = "";
			projectRoot = "";
			targets = (
				36B60F5926B5B947001BC9B7 /* Music */,
				36B60F6A26B5B94C001BC9B7 /* MusicTests */,
				36B60F7526B5B94C001BC9B7 /* MusicUITests */,
			);
		};
/* End PBXProject section */

/* Begin PBXResourcesBuildPhase section */
		36B60F5826B5B947001BC9B7 /* Resources */ = {
			isa = PBXResourcesBuildPhase;
			buildActionMask = 2147483647;
			files = (
				36B60F6526B5B94C001BC9B7 /* Preview Assets.xcassets in Resources */,
				36B60F6226B5B94C001BC9B7 /* Assets.xcassets in Resources */,
			);
			runOnlyForDeploymentPostprocessing = 0;
		};
		36B60F6926B5B94C001BC9B7 /* Resources */ = {
			isa = PBXResourcesBuildPhase;
			buildActionMask = 2147483647;
			files = (
			);
			runOnlyForDeploymentPostprocessing = 0;
		};
		36B60F7426B5B94C001BC9B7 /* Resources */ = {
			isa = PBXResourcesBuildPhase;
			buildActionMask = 2147483647;
			files = (
			);
			runOnlyForDeploymentPostprocessing = 0;
		};
/* End PBXResourcesBuildPhase section */

/* Begin PBXShellScriptBuildPhase section */
		281A17F34E345EEA1D116888 /* [CP] Check Pods Manifest.lock */ = {
			isa = PBXShellScriptBuildPhase;
			buildActionMask = 2147483647;
			files = (
			);
			inputFileListPaths = (
			);
			inputPaths = (
				"${PODS_PODFILE_DIR_PATH}/Podfile.lock",
				"${PODS_ROOT}/Manifest.lock",
			);
			name = "[CP] Check Pods Manifest.lock";
			outputFileListPaths = (
			);
			outputPaths = (
				"$(DERIVED_FILE_DIR)/Pods-Music-checkManifestLockResult.txt",
			);
			runOnlyForDeploymentPostprocessing = 0;
			shellPath = /bin/sh;
			shellScript = "diff \"${PODS_PODFILE_DIR_PATH}/Podfile.lock\" \"${PODS_ROOT}/Manifest.lock\" > /dev/null\nif [ $? != 0 ] ; then\n    # print error to STDERR\n    echo \"error: The sandbox is not in sync with the Podfile.lock. Run 'pod install' or update your CocoaPods installation.\" >&2\n    exit 1\nfi\n# This output is used by Xcode 'outputs' to avoid re-running this script phase.\necho \"SUCCESS\" > \"${SCRIPT_OUTPUT_FILE_0}\"\n";
			showEnvVarsInLog = 0;
		};
		410A9E5EB4863A2C97D215E8 /* [CP] Check Pods Manifest.lock */ = {
			isa = PBXShellScriptBuildPhase;
			buildActionMask = 2147483647;
			files = (
			);
			inputFileListPaths = (
			);
			inputPaths = (
				"${PODS_PODFILE_DIR_PATH}/Podfile.lock",
				"${PODS_ROOT}/Manifest.lock",
			);
			name = "[CP] Check Pods Manifest.lock";
			outputFileListPaths = (
			);
			outputPaths = (
				"$(DERIVED_FILE_DIR)/Pods-MusicTests-checkManifestLockResult.txt",
			);
			runOnlyForDeploymentPostprocessing = 0;
			shellPath = /bin/sh;
			shellScript = "diff \"${PODS_PODFILE_DIR_PATH}/Podfile.lock\" \"${PODS_ROOT}/Manifest.lock\" > /dev/null\nif [ $? != 0 ] ; then\n    # print error to STDERR\n    echo \"error: The sandbox is not in sync with the Podfile.lock. Run 'pod install' or update your CocoaPods installation.\" >&2\n    exit 1\nfi\n# This output is used by Xcode 'outputs' to avoid re-running this script phase.\necho \"SUCCESS\" > \"${SCRIPT_OUTPUT_FILE_0}\"\n";
			showEnvVarsInLog = 0;
		};
		58B0BB946F076C2BD1207854 /* [CP] Check Pods Manifest.lock */ = {
			isa = PBXShellScriptBuildPhase;
			buildActionMask = 2147483647;
			files = (
			);
			inputFileListPaths = (
			);
			inputPaths = (
				"${PODS_PODFILE_DIR_PATH}/Podfile.lock",
				"${PODS_ROOT}/Manifest.lock",
			);
			name = "[CP] Check Pods Manifest.lock";
			outputFileListPaths = (
			);
			outputPaths = (
				"$(DERIVED_FILE_DIR)/Pods-Music-MusicUITests-checkManifestLockResult.txt",
			);
			runOnlyForDeploymentPostprocessing = 0;
			shellPath = /bin/sh;
			shellScript = "diff \"${PODS_PODFILE_DIR_PATH}/Podfile.lock\" \"${PODS_ROOT}/Manifest.lock\" > /dev/null\nif [ $? != 0 ] ; then\n    # print error to STDERR\n    echo \"error: The sandbox is not in sync with the Podfile.lock. Run 'pod install' or update your CocoaPods installation.\" >&2\n    exit 1\nfi\n# This output is used by Xcode 'outputs' to avoid re-running this script phase.\necho \"SUCCESS\" > \"${SCRIPT_OUTPUT_FILE_0}\"\n";
			showEnvVarsInLog = 0;
		};
/* End PBXShellScriptBuildPhase section */

/* Begin PBXSourcesBuildPhase section */
		36B60F5626B5B947001BC9B7 /* Sources */ = {
			isa = PBXSourcesBuildPhase;
			buildActionMask = 2147483647;
			files = (
				36B60F6026B5B947001BC9B7 /* ContentView.swift in Sources */,
				36B60F5E26B5B947001BC9B7 /* MusicApp.swift in Sources */,
			);
			runOnlyForDeploymentPostprocessing = 0;
		};
		36B60F6726B5B94C001BC9B7 /* Sources */ = {
			isa = PBXSourcesBuildPhase;
			buildActionMask = 2147483647;
			files = (
				36B60F7026B5B94C001BC9B7 /* MusicTests.swift in Sources */,
			);
			runOnlyForDeploymentPostprocessing = 0;
		};
		36B60F7226B5B94C001BC9B7 /* Sources */ = {
			isa = PBXSourcesBuildPhase;
			buildActionMask = 2147483647;
			files = (
				36B60F7B26B5B94C001BC9B7 /* MusicUITests.swift in Sources */,
			);
			runOnlyForDeploymentPostprocessing = 0;
		};
/* End PBXSourcesBuildPhase section */

/* Begin PBXTargetDependency section */
		36B60F6D26B5B94C001BC9B7 /* PBXTargetDependency */ = {
			isa = PBXTargetDependency;
			target = 36B60F5926B5B947001BC9B7 /* Music */;
			targetProxy = 36B60F6C26B5B94C001BC9B7 /* PBXContainerItemProxy */;
		};
		36B60F7826B5B94C001BC9B7 /* PBXTargetDependency */ = {
			isa = PBXTargetDependency;
			target = 36B60F5926B5B947001BC9B7 /* Music */;
			targetProxy = 36B60F7726B5B94C001BC9B7 /* PBXContainerItemProxy */;
		};
/* End PBXTargetDependency section */

/* Begin XCBuildConfiguration section */
		36B60F7D26B5B94C001BC9B7 /* Debug */ = {
			isa = XCBuildConfiguration;
			buildSettings = {
				ALWAYS_SEARCH_USER_PATHS = NO;
				CLANG_ANALYZER_NONNULL = YES;
				CLANG_ANALYZER_NUMBER_OBJECT_CONVERSION = YES_AGGRESSIVE;
				CLANG_CXX_LANGUAGE_STANDARD = "gnu++14";
				CLANG_CXX_LIBRARY = "libc++";
				CLANG_ENABLE_MODULES = YES;
				CLANG_ENABLE_OBJC_ARC = YES;
				CLANG_ENABLE_OBJC_WEAK = YES;
				CLANG_WARN_BLOCK_CAPTURE_AUTORELEASING = YES;
				CLANG_WARN_BOOL_CONVERSION = YES;
				CLANG_WARN_COMMA = YES;
				CLANG_WARN_CONSTANT_CONVERSION = YES;
				CLANG_WARN_DEPRECATED_OBJC_IMPLEMENTATIONS = YES;
				CLANG_WARN_DIRECT_OBJC_ISA_USAGE = YES_ERROR;
				CLANG_WARN_DOCUMENTATION_COMMENTS = YES;
				CLANG_WARN_EMPTY_BODY = YES;
				CLANG_WARN_ENUM_CONVERSION = YES;
				CLANG_WARN_INFINITE_RECURSION = YES;
				CLANG_WARN_INT_CONVERSION = YES;
				CLANG_WARN_NON_LITERAL_NULL_CONVERSION = YES;
				CLANG_WARN_OBJC_IMPLICIT_RETAIN_SELF = YES;
				CLANG_WARN_OBJC_LITERAL_CONVERSION = YES;
				CLANG_WARN_OBJC_ROOT_CLASS = YES_ERROR;
				CLANG_WARN_QUOTED_INCLUDE_IN_FRAMEWORK_HEADER = YES;
				CLANG_WARN_RANGE_LOOP_ANALYSIS = YES;
				CLANG_WARN_STRICT_PROTOTYPES = YES;
				CLANG_WARN_SUSPICIOUS_MOVE = YES;
				CLANG_WARN_UNGUARDED_AVAILABILITY = YES_AGGRESSIVE;
				CLANG_WARN_UNREACHABLE_CODE = YES;
				CLANG_WARN__DUPLICATE_METHOD_MATCH = YES;
				COPY_PHASE_STRIP = NO;
				DEBUG_INFORMATION_FORMAT = dwarf;
				ENABLE_STRICT_OBJC_MSGSEND = YES;
				ENABLE_TESTABILITY = YES;
				GCC_C_LANGUAGE_STANDARD = gnu11;
				GCC_DYNAMIC_NO_PIC = NO;
				GCC_NO_COMMON_BLOCKS = YES;
				GCC_OPTIMIZATION_LEVEL = 0;
				GCC_PREPROCESSOR_DEFINITIONS = (
					"DEBUG=1",
					"$(inherited)",
				);
				GCC_WARN_64_TO_32_BIT_CONVERSION = YES;
				GCC_WARN_ABOUT_RETURN_TYPE = YES_ERROR;
				GCC_WARN_UNDECLARED_SELECTOR = YES;
				GCC_WARN_UNINITIALIZED_AUTOS = YES_AGGRESSIVE;
				GCC_WARN_UNUSED_FUNCTION = YES;
				GCC_WARN_UNUSED_VARIABLE = YES;
				IPHONEOS_DEPLOYMENT_TARGET = 14.5;
				MTL_ENABLE_DEBUG_INFO = INCLUDE_SOURCE;
				MTL_FAST_MATH = YES;
				ONLY_ACTIVE_ARCH = YES;
				SDKROOT = iphoneos;
				SWIFT_ACTIVE_COMPILATION_CONDITIONS = DEBUG;
				SWIFT_OPTIMIZATION_LEVEL = "-Onone";
			};
			name = Debug;
		};
		36B60F7E26B5B94C001BC9B7 /* Release */ = {
			isa = XCBuildConfiguration;
			buildSettings = {
				ALWAYS_SEARCH_USER_PATHS = NO;
				CLANG_ANALYZER_NONNULL = YES;
				CLANG_ANALYZER_NUMBER_OBJECT_CONVERSION = YES_AGGRESSIVE;
				CLANG_CXX_LANGUAGE_STANDARD = "gnu++14";
				CLANG_CXX_LIBRARY = "libc++";
				CLANG_ENABLE_MODULES = YES;
				CLANG_ENABLE_OBJC_ARC = YES;
				CLANG_ENABLE_OBJC_WEAK = YES;
				CLANG_WARN_BLOCK_CAPTURE_AUTORELEASING = YES;
				CLANG_WARN_BOOL_CONVERSION = YES;
				CLANG_WARN_COMMA = YES;
				CLANG_WARN_CONSTANT_CONVERSION = YES;
				CLANG_WARN_DEPRECATED_OBJC_IMPLEMENTATIONS = YES;
				CLANG_WARN_DIRECT_OBJC_ISA_USAGE = YES_ERROR;
				CLANG_WARN_DOCUMENTATION_COMMENTS = YES;
				CLANG_WARN_EMPTY_BODY = YES;
				CLANG_WARN_ENUM_CONVERSION = YES;
				CLANG_WARN_INFINITE_RECURSION = YES;
				CLANG_WARN_INT_CONVERSION = YES;
				CLANG_WARN_NON_LITERAL_NULL_CONVERSION = YES;
				CLANG_WARN_OBJC_IMPLICIT_RETAIN_SELF = YES;
				CLANG_WARN_OBJC_LITERAL_CONVERSION = YES;
				CLANG_WARN_OBJC_ROOT_CLASS = YES_ERROR;
				CLANG_WARN_QUOTED_INCLUDE_IN_FRAMEWORK_HEADER = YES;
				CLANG_WARN_RANGE_LOOP_ANALYSIS = YES;
				CLANG_WARN_STRICT_PROTOTYPES = YES;
				CLANG_WARN_SUSPICIOUS_MOVE = YES;
				CLANG_WARN_UNGUARDED_AVAILABILITY = YES_AGGRESSIVE;
				CLANG_WARN_UNREACHABLE_CODE = YES;
				CLANG_WARN__DUPLICATE_METHOD_MATCH = YES;
				COPY_PHASE_STRIP = NO;
				DEBUG_INFORMATION_FORMAT = "dwarf-with-dsym";
				ENABLE_NS_ASSERTIONS = NO;
				ENABLE_STRICT_OBJC_MSGSEND = YES;
				GCC_C_LANGUAGE_STANDARD = gnu11;
				GCC_NO_COMMON_BLOCKS = YES;
				GCC_WARN_64_TO_32_BIT_CONVERSION = YES;
				GCC_WARN_ABOUT_RETURN_TYPE = YES_ERROR;
				GCC_WARN_UNDECLARED_SELECTOR = YES;
				GCC_WARN_UNINITIALIZED_AUTOS = YES_AGGRESSIVE;
				GCC_WARN_UNUSED_FUNCTION = YES;
				GCC_WARN_UNUSED_VARIABLE = YES;
				IPHONEOS_DEPLOYMENT_TARGET = 14.5;
				MTL_ENABLE_DEBUG_INFO = NO;
				MTL_FAST_MATH = YES;
				SDKROOT = iphoneos;
				SWIFT_COMPILATION_MODE = wholemodule;
				SWIFT_OPTIMIZATION_LEVEL = "-O";
				VALIDATE_PRODUCT = YES;
			};
			name = Release;
		};
		36B60F8026B5B94C001BC9B7 /* Debug */ = {
			isa = XCBuildConfiguration;
			baseConfigurationReference = 9D23B8E92727769D2FA38A48 /* Pods-Music.debug.xcconfig */;
			buildSettings = {
				ASSETCATALOG_COMPILER_APPICON_NAME = AppIcon;
				ASSETCATALOG_COMPILER_GLOBAL_ACCENT_COLOR_NAME = AccentColor;
				CODE_SIGN_STYLE = Automatic;
				DEVELOPMENT_ASSET_PATHS = "\"Music/Preview Content\"";
				DEVELOPMENT_TEAM = QJRD886PU2;
				ENABLE_PREVIEWS = YES;
				INFOPLIST_FILE = Music/Info.plist;
				IPHONEOS_DEPLOYMENT_TARGET = 14.0;
				LD_RUNPATH_SEARCH_PATHS = (
					"$(inherited)",
					"@executable_path/Frameworks",
				);
				PRODUCT_BUNDLE_IDENTIFIER = com.hshotaro9.Music;
				PRODUCT_NAME = "$(TARGET_NAME)";
				SWIFT_VERSION = 5.0;
				TARGETED_DEVICE_FAMILY = "1,2";
			};
			name = Debug;
		};
		36B60F8126B5B94C001BC9B7 /* Release */ = {
			isa = XCBuildConfiguration;
			baseConfigurationReference = 44FC1099D29C4351931CAF8D /* Pods-Music.release.xcconfig */;
			buildSettings = {
				ASSETCATALOG_COMPILER_APPICON_NAME = AppIcon;
				ASSETCATALOG_COMPILER_GLOBAL_ACCENT_COLOR_NAME = AccentColor;
				CODE_SIGN_STYLE = Automatic;
				DEVELOPMENT_ASSET_PATHS = "\"Music/Preview Content\"";
				DEVELOPMENT_TEAM = QJRD886PU2;
				ENABLE_PREVIEWS = YES;
				INFOPLIST_FILE = Music/Info.plist;
				IPHONEOS_DEPLOYMENT_TARGET = 14.0;
				LD_RUNPATH_SEARCH_PATHS = (
					"$(inherited)",
					"@executable_path/Frameworks",
				);
				PRODUCT_BUNDLE_IDENTIFIER = com.hshotaro9.Music;
				PRODUCT_NAME = "$(TARGET_NAME)";
				SWIFT_VERSION = 5.0;
				TARGETED_DEVICE_FAMILY = "1,2";
			};
			name = Release;
		};
		36B60F8326B5B94C001BC9B7 /* Debug */ = {
			isa = XCBuildConfiguration;
			baseConfigurationReference = 0FEE23D1EA75954F788DD51F /* Pods-MusicTests.debug.xcconfig */;
			buildSettings = {
				ALWAYS_EMBED_SWIFT_STANDARD_LIBRARIES = YES;
				BUNDLE_LOADER = "$(TEST_HOST)";
				CODE_SIGN_STYLE = Automatic;
				DEVELOPMENT_TEAM = QJRD886PU2;
				INFOPLIST_FILE = MusicTests/Info.plist;
				IPHONEOS_DEPLOYMENT_TARGET = 14.0;
				LD_RUNPATH_SEARCH_PATHS = (
					"$(inherited)",
					"@executable_path/Frameworks",
					"@loader_path/Frameworks",
				);
				PRODUCT_BUNDLE_IDENTIFIER = com.hshotaro9.MusicTests;
				PRODUCT_NAME = "$(TARGET_NAME)";
				SWIFT_VERSION = 5.0;
				TARGETED_DEVICE_FAMILY = "1,2";
				TEST_HOST = "$(BUILT_PRODUCTS_DIR)/Music.app/Music";
			};
			name = Debug;
		};
		36B60F8426B5B94C001BC9B7 /* Release */ = {
			isa = XCBuildConfiguration;
			baseConfigurationReference = 070B2D9AB9C18B143092366E /* Pods-MusicTests.release.xcconfig */;
			buildSettings = {
				ALWAYS_EMBED_SWIFT_STANDARD_LIBRARIES = YES;
				BUNDLE_LOADER = "$(TEST_HOST)";
				CODE_SIGN_STYLE = Automatic;
				DEVELOPMENT_TEAM = QJRD886PU2;
				INFOPLIST_FILE = MusicTests/Info.plist;
				IPHONEOS_DEPLOYMENT_TARGET = 14.0;
				LD_RUNPATH_SEARCH_PATHS = (
					"$(inherited)",
					"@executable_path/Frameworks",
					"@loader_path/Frameworks",
				);
				PRODUCT_BUNDLE_IDENTIFIER = com.hshotaro9.MusicTests;
				PRODUCT_NAME = "$(TARGET_NAME)";
				SWIFT_VERSION = 5.0;
				TARGETED_DEVICE_FAMILY = "1,2";
				TEST_HOST = "$(BUILT_PRODUCTS_DIR)/Music.app/Music";
			};
			name = Release;
		};
		36B60F8626B5B94C001BC9B7 /* Debug */ = {
			isa = XCBuildConfiguration;
			baseConfigurationReference = AAD448966D660351020D8345 /* Pods-Music-MusicUITests.debug.xcconfig */;
			buildSettings = {
				ALWAYS_EMBED_SWIFT_STANDARD_LIBRARIES = YES;
				CODE_SIGN_STYLE = Automatic;
				DEVELOPMENT_TEAM = QJRD886PU2;
				INFOPLIST_FILE = MusicUITests/Info.plist;
				LD_RUNPATH_SEARCH_PATHS = (
					"$(inherited)",
					"@executable_path/Frameworks",
					"@loader_path/Frameworks",
				);
				PRODUCT_BUNDLE_IDENTIFIER = com.hshotaro9.MusicUITests;
				PRODUCT_NAME = "$(TARGET_NAME)";
				SWIFT_VERSION = 5.0;
				TARGETED_DEVICE_FAMILY = "1,2";
				TEST_TARGET_NAME = Music;
			};
			name = Debug;
		};
		36B60F8726B5B94C001BC9B7 /* Release */ = {
			isa = XCBuildConfiguration;
			baseConfigurationReference = DF88B116984D39DEA752E5CE /* Pods-Music-MusicUITests.release.xcconfig */;
			buildSettings = {
				ALWAYS_EMBED_SWIFT_STANDARD_LIBRARIES = YES;
				CODE_SIGN_STYLE = Automatic;
				DEVELOPMENT_TEAM = QJRD886PU2;
				INFOPLIST_FILE = MusicUITests/Info.plist;
				LD_RUNPATH_SEARCH_PATHS = (
					"$(inherited)",
					"@executable_path/Frameworks",
					"@loader_path/Frameworks",
				);
				PRODUCT_BUNDLE_IDENTIFIER = com.hshotaro9.MusicUITests;
				PRODUCT_NAME = "$(TARGET_NAME)";
				SWIFT_VERSION = 5.0;
				TARGETED_DEVICE_FAMILY = "1,2";
				TEST_TARGET_NAME = Music;
			};
			name = Release;
		};
/* End XCBuildConfiguration section */

/* Begin XCConfigurationList section */
		36B60F5526B5B947001BC9B7 /* Build configuration list for PBXProject "Music" */ = {
			isa = XCConfigurationList;
			buildConfigurations = (
				36B60F7D26B5B94C001BC9B7 /* Debug */,
				36B60F7E26B5B94C001BC9B7 /* Release */,
			);
			defaultConfigurationIsVisible = 0;
			defaultConfigurationName = Release;
		};
		36B60F7F26B5B94C001BC9B7 /* Build configuration list for PBXNativeTarget "Music" */ = {
			isa = XCConfigurationList;
			buildConfigurations = (
				36B60F8026B5B94C001BC9B7 /* Debug */,
				36B60F8126B5B94C001BC9B7 /* Release */,
			);
			defaultConfigurationIsVisible = 0;
			defaultConfigurationName = Release;
		};
		36B60F8226B5B94C001BC9B7 /* Build configuration list for PBXNativeTarget "MusicTests" */ = {
			isa = XCConfigurationList;
			buildConfigurations = (
				36B60F8326B5B94C001BC9B7 /* Debug */,
				36B60F8426B5B94C001BC9B7 /* Release */,
			);
			defaultConfigurationIsVisible = 0;
			defaultConfigurationName = Release;
		};
		36B60F8526B5B94C001BC9B7 /* Build configuration list for PBXNativeTarget "MusicUITests" */ = {
			isa = XCConfigurationList;
			buildConfigurations = (
				36B60F8626B5B94C001BC9B7 /* Debug */,
				36B60F8726B5B94C001BC9B7 /* Release */,
			);
			defaultConfigurationIsVisible = 0;
			defaultConfigurationName = Release;
		};
/* End XCConfigurationList section */
	};
	rootObject = 36B60F5226B5B947001BC9B7 /* Project object */;
}
